<?xml version="1.0" encoding="utf-8"?>
<Project ToolsVersion="4.0" xmlns="http://schemas.microsoft.com/developer/msbuild/2003">
  <ItemGroup>
    <Filter Include="Source Files">
      <UniqueIdentifier>{4FC737F1-C7A5-4376-A066-2A32D752A2FF}</UniqueIdentifier>
      <Extensions>cpp;c;cc;cxx;c++;cppm;ixx;def;odl;idl;hpj;bat;asm;asmx</Extensions>
    </Filter>
    <Filter Include="Header Files">
      <UniqueIdentifier>{93995380-89BD-4b04-88EB-625FBE52EBFB}</UniqueIdentifier>
      <Extensions>h;hh;hpp;hxx;h++;hm;inl;inc;ipp;xsd</Extensions>
    </Filter>
    <Filter Include="Resource Files">
      <UniqueIdentifier>{67DA6AB6-F800-4c08-8B7A-83BB121AAD01}</UniqueIdentifier>
      <Extensions>rc;ico;cur;bmp;dlg;rc2;rct;bin;rgs;gif;jpg;jpeg;jpe;resx;tiff;tif;png;wav;mfcribbon-ms</Extensions>
    </Filter>
    <Filter Include="Header Files\DAOS">
      <UniqueIdentifier>{2c65bed5-6e05-47b4-8cd7-1f0724ac941c}</UniqueIdentifier>
    </Filter>
    <Filter Include="Header Files\Managers">
      <UniqueIdentifier>{46a5f426-7ed7-459b-9f91-2a3596275d43}</UniqueIdentifier>
    </Filter>
    <Filter Include="Source Files\DAOS">
      <UniqueIdentifier>{50e4d847-c82c-45ed-9eab-423057087509}</UniqueIdentifier>
    </Filter>
    <Filter Include="Source Files\Managers">
      <UniqueIdentifier>{a29e3ef7-6fcf-41eb-a12d-04846c911a66}</UniqueIdentifier>
    </Filter>
    <Filter Include="Header Files\DVOS">
      <UniqueIdentifier>{6c886816-20c8-4c9b-b088-9a622a68b47a}</UniqueIdentifier>
    </Filter>
    <Filter Include="Source Files\DVOS">
      <UniqueIdentifier>{cd54a5d4-fa7a-40d7-ac30-3c5b214fd2a7}</UniqueIdentifier>
    </Filter>
  </ItemGroup>
  <ItemGroup>
    <ClCompile Include="main.cpp">
      <Filter>Source Files</Filter>
    </ClCompile>
    <ClCompile Include="Cliente.cpp">
      <Filter>Source Files</Filter>
    </ClCompile>
    <ClCompile Include="Reserva.cpp">
      <Filter>Source Files</Filter>
    </ClCompile>
    <ClCompile Include="DAOManager.cpp">
      <Filter>Source Files\Managers</Filter>
    </ClCompile>
    <ClCompile Include="ReservaManager.cpp">
      <Filter>Source Files\Managers</Filter>
    </ClCompile>
    <ClCompile Include="ReservaDAO.cpp">
      <Filter>Source Files\DAOS</Filter>
    </ClCompile>
    <ClCompile Include="Caixa.cpp">
      <Filter>Source Files</Filter>
    </ClCompile>
    <ClCompile Include="CaixaDAO.cpp">
      <Filter>Source Files\DAOS</Filter>
    </ClCompile>
    <ClCompile Include="CaixaManager.cpp">
      <Filter>Source Files\Managers</Filter>
    </ClCompile>
    <ClCompile Include="ClienteDAO.cpp">
      <Filter>Source Files\DAOS</Filter>
    </ClCompile>
    <ClCompile Include="ClienteManager.cpp">
      <Filter>Source Files\Managers</Filter>
    </ClCompile>
    <ClCompile Include="ItemPagamento.cpp">
      <Filter>Source Files</Filter>
    </ClCompile>
    <ClCompile Include="ItemPagamentoDAO.cpp">
      <Filter>Source Files\DAOS</Filter>
    </ClCompile>
    <ClCompile Include="ItemPagamentoManager.cpp">
      <Filter>Source Files\Managers</Filter>
    </ClCompile>
    <ClCompile Include="ClienteDVO.cpp">
      <Filter>Source Files\DVOS</Filter>
    </ClCompile>
    <ClCompile Include="ReservaDVO.cpp">
      <Filter>Source Files\DVOS</Filter>
    </ClCompile>
    <ClCompile Include="DVOManager.cpp">
      <Filter>Source Files\Managers</Filter>
    </ClCompile>
    <ClCompile Include="Checkin.cpp">
      <Filter>Source Files</Filter>
    </ClCompile>
    <ClCompile Include="CheckinDAO.cpp">
      <Filter>Source Files\DAOS</Filter>
    </ClCompile>
    <ClCompile Include="CheckinManager.cpp">
      <Filter>Source Files\Managers</Filter>
    </ClCompile>
    <ClCompile Include="Pulseira.cpp">
      <Filter>Source Files</Filter>
    </ClCompile>
    <ClCompile Include="PulseiraDao.cpp">
      <Filter>Source Files\DAOS</Filter>
    </ClCompile>
    <ClCompile Include="PulseiraManager.cpp">
      <Filter>Source Files\Managers</Filter>
    </ClCompile>
  </ItemGroup>
  <ItemGroup>
    <ClInclude Include="Cliente.h">
      <Filter>Header Files</Filter>
    </ClInclude>
    <ClInclude Include="Reserva.h">
      <Filter>Header Files</Filter>
    </ClInclude>
    <ClInclude Include="DAOManager.h">
      <Filter>Header Files\Managers</Filter>
    </ClInclude>
    <ClInclude Include="ReservaManager.h">
      <Filter>Header Files\Managers</Filter>
    </ClInclude>
    <ClInclude Include="ReservaDAO.h">
      <Filter>Header Files\DAOS</Filter>
    </ClInclude>
    <ClInclude Include="Caixa.h">
      <Filter>Header Files</Filter>
    </ClInclude>
    <ClInclude Include="CaixaDAO.h">
      <Filter>Header Files\DAOS</Filter>
    </ClInclude>
    <ClInclude Include="CaixaManager.h">
      <Filter>Header Files\Managers</Filter>
    </ClInclude>
    <ClInclude Include="ClienteDAO.h">
      <Filter>Header Files\DAOS</Filter>
    </ClInclude>
    <ClInclude Include="ClienteManager.h">
      <Filter>Header Files\Managers</Filter>
    </ClInclude>
    <ClInclude Include="Pagamentos.h">
      <Filter>Header Files</Filter>
    </ClInclude>
    <ClInclude Include="ItemPagamento.h">
      <Filter>Header Files</Filter>
    </ClInclude>
    <ClInclude Include="ItemPagamentoDAO.h">
      <Filter>Header Files\DAOS</Filter>
    </ClInclude>
    <ClInclude Include="ItemPagamentoManager.h">
      <Filter>Header Files\Managers</Filter>
    </ClInclude>
    <ClInclude Include="ClienteDVO.h">
      <Filter>Header Files\DVOS</Filter>
    </ClInclude>
    <ClInclude Include="ReservaDVO.h">
      <Filter>Header Files\DVOS</Filter>
    </ClInclude>
    <ClInclude Include="DVOManager.h">
      <Filter>Header Files\Managers</Filter>
    </ClInclude>
    <ClInclude Include="Checkin.h">
      <Filter>Header Files</Filter>
    </ClInclude>
    <ClInclude Include="CheckinDAO.h">
      <Filter>Header Files\DAOS</Filter>
    </ClInclude>
    <ClInclude Include="CheckinManager.h">
      <Filter>Header Files\Managers</Filter>
    </ClInclude>
    <ClInclude Include="Pulseira.h">
      <Filter>Header Files</Filter>
    </ClInclude>
    <ClInclude Include="PulseiraDao.h">
      <Filter>Header Files\DAOS</Filter>
    </ClInclude>
    <ClInclude Include="PulseiraManager.h">
      <Filter>Header Files\Managers</Filter>
    </ClInclude>
  </ItemGroup>
</Project>